// !$*UTF8*$!
{
	archiveVersion = 1;
	classes = {
	};
	objectVersion = 56;
	objects = {

/* Begin PBXBuildFile section */
		5C3C513D2A5C527F00A0E9DA /* RickAndMortyApp.swift in Sources */ = {isa = PBXBuildFile; fileRef = 5C3C513C2A5C527F00A0E9DA /* RickAndMortyApp.swift */; };
		5C3C51412A5C528100A0E9DA /* Assets.xcassets in Resources */ = {isa = PBXBuildFile; fileRef = 5C3C51402A5C528100A0E9DA /* Assets.xcassets */; };
		5C3C51452A5C528100A0E9DA /* Preview Assets.xcassets in Resources */ = {isa = PBXBuildFile; fileRef = 5C3C51442A5C528100A0E9DA /* Preview Assets.xcassets */; };
		5C3C51502A5ECCB900A0E9DA /* Character.swift in Sources */ = {isa = PBXBuildFile; fileRef = 5C3C514F2A5ECCB900A0E9DA /* Character.swift */; };
		5C3C51532A5ED3E700A0E9DA /* RickAndMortyApi.swift in Sources */ = {isa = PBXBuildFile; fileRef = 5C3C51522A5ED3E700A0E9DA /* RickAndMortyApi.swift */; };
		5C3EC56F2A69731C00C9CAE0 /* CharacterView.swift in Sources */ = {isa = PBXBuildFile; fileRef = 5C3EC56E2A69731C00C9CAE0 /* CharacterView.swift */; };
		5C3EC5712A69738800C9CAE0 /* CharacterViewModel.swift in Sources */ = {isa = PBXBuildFile; fileRef = 5C3EC5702A69738800C9CAE0 /* CharacterViewModel.swift */; };
		5C6236FE2A6EBF3800399FEA /* Location.swift in Sources */ = {isa = PBXBuildFile; fileRef = 5C6236FD2A6EBF3800399FEA /* Location.swift */; };
		5C6237002A6EC1D400399FEA /* Episode.swift in Sources */ = {isa = PBXBuildFile; fileRef = 5C6236FF2A6EC1D400399FEA /* Episode.swift */; };
		5C6237032A6EC61000399FEA /* EpisodesView.swift in Sources */ = {isa = PBXBuildFile; fileRef = 5C6237022A6EC61000399FEA /* EpisodesView.swift */; };
		5C6237052A6EC64F00399FEA /* EpisodesViewModel.swift in Sources */ = {isa = PBXBuildFile; fileRef = 5C6237042A6EC64F00399FEA /* EpisodesViewModel.swift */; };
		5C6237082A6ECC7A00399FEA /* LocationsView.swift in Sources */ = {isa = PBXBuildFile; fileRef = 5C6237072A6ECC7A00399FEA /* LocationsView.swift */; };
		5C62370A2A6ECCB000399FEA /* LocationsViewModel.swift in Sources */ = {isa = PBXBuildFile; fileRef = 5C6237092A6ECCB000399FEA /* LocationsViewModel.swift */; };
		5C62370F2A7154D600399FEA /* EpisodeView.swift in Sources */ = {isa = PBXBuildFile; fileRef = 5C62370E2A7154D600399FEA /* EpisodeView.swift */; };
		5C862AEA2A695F2C005722B3 /* CharactersView.swift in Sources */ = {isa = PBXBuildFile; fileRef = 5C862AE92A695F2C005722B3 /* CharactersView.swift */; };
		5C862AEC2A6961D0005722B3 /* CharactersViewModel.swift in Sources */ = {isa = PBXBuildFile; fileRef = 5C862AEB2A6961D0005722B3 /* CharactersViewModel.swift */; };
/* End PBXBuildFile section */

/* Begin PBXFileReference section */
		5C3C51392A5C527F00A0E9DA /* RickAndMorty.app */ = {isa = PBXFileReference; explicitFileType = wrapper.application; includeInIndex = 0; path = RickAndMorty.app; sourceTree = BUILT_PRODUCTS_DIR; };
		5C3C513C2A5C527F00A0E9DA /* RickAndMortyApp.swift */ = {isa = PBXFileReference; lastKnownFileType = sourcecode.swift; path = RickAndMortyApp.swift; sourceTree = "<group>"; };
		5C3C51402A5C528100A0E9DA /* Assets.xcassets */ = {isa = PBXFileReference; lastKnownFileType = folder.assetcatalog; path = Assets.xcassets; sourceTree = "<group>"; };
		5C3C51422A5C528100A0E9DA /* RickAndMorty.entitlements */ = {isa = PBXFileReference; lastKnownFileType = text.plist.entitlements; path = RickAndMorty.entitlements; sourceTree = "<group>"; };
		5C3C51442A5C528100A0E9DA /* Preview Assets.xcassets */ = {isa = PBXFileReference; lastKnownFileType = folder.assetcatalog; path = "Preview Assets.xcassets"; sourceTree = "<group>"; };
		5C3C514F2A5ECCB900A0E9DA /* Character.swift */ = {isa = PBXFileReference; lastKnownFileType = sourcecode.swift; path = Character.swift; sourceTree = "<group>"; };
		5C3C51522A5ED3E700A0E9DA /* RickAndMortyApi.swift */ = {isa = PBXFileReference; lastKnownFileType = sourcecode.swift; path = RickAndMortyApi.swift; sourceTree = "<group>"; };
		5C3EC56E2A69731C00C9CAE0 /* CharacterView.swift */ = {isa = PBXFileReference; lastKnownFileType = sourcecode.swift; path = CharacterView.swift; sourceTree = "<group>"; };
		5C3EC5702A69738800C9CAE0 /* CharacterViewModel.swift */ = {isa = PBXFileReference; lastKnownFileType = sourcecode.swift; path = CharacterViewModel.swift; sourceTree = "<group>"; };
		5C6236FD2A6EBF3800399FEA /* Location.swift */ = {isa = PBXFileReference; lastKnownFileType = sourcecode.swift; path = Location.swift; sourceTree = "<group>"; };
		5C6236FF2A6EC1D400399FEA /* Episode.swift */ = {isa = PBXFileReference; lastKnownFileType = sourcecode.swift; path = Episode.swift; sourceTree = "<group>"; };
		5C6237022A6EC61000399FEA /* EpisodesView.swift */ = {isa = PBXFileReference; lastKnownFileType = sourcecode.swift; path = EpisodesView.swift; sourceTree = "<group>"; };
		5C6237042A6EC64F00399FEA /* EpisodesViewModel.swift */ = {isa = PBXFileReference; lastKnownFileType = sourcecode.swift; path = EpisodesViewModel.swift; sourceTree = "<group>"; };
		5C6237072A6ECC7A00399FEA /* LocationsView.swift */ = {isa = PBXFileReference; lastKnownFileType = sourcecode.swift; path = LocationsView.swift; sourceTree = "<group>"; };
		5C6237092A6ECCB000399FEA /* LocationsViewModel.swift */ = {isa = PBXFileReference; lastKnownFileType = sourcecode.swift; path = LocationsViewModel.swift; sourceTree = "<group>"; };
		5C62370E2A7154D600399FEA /* EpisodeView.swift */ = {isa = PBXFileReference; lastKnownFileType = sourcecode.swift; path = EpisodeView.swift; sourceTree = "<group>"; };
		5C862AE92A695F2C005722B3 /* CharactersView.swift */ = {isa = PBXFileReference; lastKnownFileType = sourcecode.swift; path = CharactersView.swift; sourceTree = "<group>"; };
		5C862AEB2A6961D0005722B3 /* CharactersViewModel.swift */ = {isa = PBXFileReference; lastKnownFileType = sourcecode.swift; path = CharactersViewModel.swift; sourceTree = "<group>"; };
/* End PBXFileReference section */

/* Begin PBXFrameworksBuildPhase section */
		5C3C51362A5C527F00A0E9DA /* Frameworks */ = {
			isa = PBXFrameworksBuildPhase;
			buildActionMask = 2147483647;
			files = (
			);
			runOnlyForDeploymentPostprocessing = 0;
		};
/* End PBXFrameworksBuildPhase section */

/* Begin PBXGroup section */
		5C3C51302A5C527F00A0E9DA = {
			isa = PBXGroup;
			children = (
				5C3C513B2A5C527F00A0E9DA /* RickAndMorty */,
				5C3C513A2A5C527F00A0E9DA /* Products */,
			);
			sourceTree = "<group>";
		};
		5C3C513A2A5C527F00A0E9DA /* Products */ = {
			isa = PBXGroup;
			children = (
				5C3C51392A5C527F00A0E9DA /* RickAndMorty.app */,
			);
			name = Products;
			sourceTree = "<group>";
		};
		5C3C513B2A5C527F00A0E9DA /* RickAndMorty */ = {
			isa = PBXGroup;
			children = (
				5C3C513C2A5C527F00A0E9DA /* RickAndMortyApp.swift */,
				5C862AE72A695E68005722B3 /* View */,
				5C3C51512A5ED2C100A0E9DA /* Model */,
				5C3C51402A5C528100A0E9DA /* Assets.xcassets */,
				5C3C51422A5C528100A0E9DA /* RickAndMorty.entitlements */,
				5C3C51432A5C528100A0E9DA /* Preview Content */,
				5C3C51522A5ED3E700A0E9DA /* RickAndMortyApi.swift */,
			);
			path = RickAndMorty;
			sourceTree = "<group>";
		};
		5C3C51432A5C528100A0E9DA /* Preview Content */ = {
			isa = PBXGroup;
			children = (
				5C3C51442A5C528100A0E9DA /* Preview Assets.xcassets */,
			);
			path = "Preview Content";
			sourceTree = "<group>";
		};
		5C3C51512A5ED2C100A0E9DA /* Model */ = {
			isa = PBXGroup;
			children = (
				5C3C514F2A5ECCB900A0E9DA /* Character.swift */,
				5C6236FD2A6EBF3800399FEA /* Location.swift */,
				5C6236FF2A6EC1D400399FEA /* Episode.swift */,
			);
			path = Model;
			sourceTree = "<group>";
		};
		5C3EC56D2A69730900C9CAE0 /* Character */ = {
			isa = PBXGroup;
			children = (
				5C3EC56E2A69731C00C9CAE0 /* CharacterView.swift */,
				5C3EC5702A69738800C9CAE0 /* CharacterViewModel.swift */,
			);
			path = Character;
			sourceTree = "<group>";
		};
		5C6237012A6EC5F900399FEA /* Episodes */ = {
			isa = PBXGroup;
			children = (
				5C6237022A6EC61000399FEA /* EpisodesView.swift */,
				5C6237042A6EC64F00399FEA /* EpisodesViewModel.swift */,
			);
			path = Episodes;
			sourceTree = "<group>";
		};
		5C6237062A6ECC6600399FEA /* Locations */ = {
			isa = PBXGroup;
			children = (
				5C6237072A6ECC7A00399FEA /* LocationsView.swift */,
				5C6237092A6ECCB000399FEA /* LocationsViewModel.swift */,
			);
			path = Locations;
			sourceTree = "<group>";
		};
		5C62370D2A7154BF00399FEA /* Episode */ = {
			isa = PBXGroup;
			children = (
				5C62370E2A7154D600399FEA /* EpisodeView.swift */,
			);
			path = Episode;
			sourceTree = "<group>";
		};
		5C862AE72A695E68005722B3 /* View */ = {
			isa = PBXGroup;
			children = (
				5C62370D2A7154BF00399FEA /* Episode */,
				5C6237062A6ECC6600399FEA /* Locations */,
				5C6237012A6EC5F900399FEA /* Episodes */,
				5C3EC56D2A69730900C9CAE0 /* Character */,
				5C862AE82A695EA6005722B3 /* Characters */,
			);
			path = View;
			sourceTree = "<group>";
		};
		5C862AE82A695EA6005722B3 /* Characters */ = {
			isa = PBXGroup;
			children = (
				5C862AE92A695F2C005722B3 /* CharactersView.swift */,
				5C862AEB2A6961D0005722B3 /* CharactersViewModel.swift */,
			);
			path = Characters;
			sourceTree = "<group>";
		};
/* End PBXGroup section */

/* Begin PBXNativeTarget section */
		5C3C51382A5C527F00A0E9DA /* RickAndMorty */ = {
			isa = PBXNativeTarget;
			buildConfigurationList = 5C3C51482A5C528100A0E9DA /* Build configuration list for PBXNativeTarget "RickAndMorty" */;
			buildPhases = (
				5C3C51352A5C527F00A0E9DA /* Sources */,
				5C3C51362A5C527F00A0E9DA /* Frameworks */,
				5C3C51372A5C527F00A0E9DA /* Resources */,
			);
			buildRules = (
			);
			dependencies = (
			);
			name = RickAndMorty;
			productName = RickAndMorty;
			productReference = 5C3C51392A5C527F00A0E9DA /* RickAndMorty.app */;
			productType = "com.apple.product-type.application";
		};
/* End PBXNativeTarget section */

/* Begin PBXProject section */
		5C3C51312A5C527F00A0E9DA /* Project object */ = {
			isa = PBXProject;
			attributes = {
				BuildIndependentTargetsInParallel = 1;
				LastSwiftUpdateCheck = 1430;
				LastUpgradeCheck = 1430;
				TargetAttributes = {
					5C3C51382A5C527F00A0E9DA = {
						CreatedOnToolsVersion = 14.3.1;
					};
				};
			};
			buildConfigurationList = 5C3C51342A5C527F00A0E9DA /* Build configuration list for PBXProject "RickAndMorty" */;
			compatibilityVersion = "Xcode 14.0";
			developmentRegion = en;
			hasScannedForEncodings = 0;
			knownRegions = (
				en,
				Base,
			);
			mainGroup = 5C3C51302A5C527F00A0E9DA;
			productRefGroup = 5C3C513A2A5C527F00A0E9DA /* Products */;
			projectDirPath = "";
			projectRoot = "";
			targets = (
				5C3C51382A5C527F00A0E9DA /* RickAndMorty */,
			);
		};
/* End PBXProject section */

/* Begin PBXResourcesBuildPhase section */
		5C3C51372A5C527F00A0E9DA /* Resources */ = {
			isa = PBXResourcesBuildPhase;
			buildActionMask = 2147483647;
			files = (
				5C3C51452A5C528100A0E9DA /* Preview Assets.xcassets in Resources */,
				5C3C51412A5C528100A0E9DA /* Assets.xcassets in Resources */,
			);
			runOnlyForDeploymentPostprocessing = 0;
		};
/* End PBXResourcesBuildPhase section */

/* Begin PBXSourcesBuildPhase section */
		5C3C51352A5C527F00A0E9DA /* Sources */ = {
			isa = PBXSourcesBuildPhase;
			buildActionMask = 2147483647;
			files = (
				5C3EC56F2A69731C00C9CAE0 /* CharacterView.swift in Sources */,
				5C6237052A6EC64F00399FEA /* EpisodesViewModel.swift in Sources */,
				5C3EC5712A69738800C9CAE0 /* CharacterViewModel.swift in Sources */,
				5C6236FE2A6EBF3800399FEA /* Location.swift in Sources */,
				5C3C51502A5ECCB900A0E9DA /* Character.swift in Sources */,
				5C6237032A6EC61000399FEA /* EpisodesView.swift in Sources */,
				5C862AEA2A695F2C005722B3 /* CharactersView.swift in Sources */,
				5C62370A2A6ECCB000399FEA /* LocationsViewModel.swift in Sources */,
				5C3C51532A5ED3E700A0E9DA /* RickAndMortyApi.swift in Sources */,
				5C3C513D2A5C527F00A0E9DA /* RickAndMortyApp.swift in Sources */,
				5C6237082A6ECC7A00399FEA /* LocationsView.swift in Sources */,
				5C6237002A6EC1D400399FEA /* Episode.swift in Sources */,
				5C62370F2A7154D600399FEA /* EpisodeView.swift in Sources */,
				5C862AEC2A6961D0005722B3 /* CharactersViewModel.swift in Sources */,
			);
			runOnlyForDeploymentPostprocessing = 0;
		};
/* End PBXSourcesBuildPhase section */

/* Begin XCBuildConfiguration section */
		5C3C51462A5C528100A0E9DA /* Debug */ = {
			isa = XCBuildConfiguration;
			buildSettings = {
				ALWAYS_SEARCH_USER_PATHS = NO;
				CLANG_ANALYZER_NONNULL = YES;
				CLANG_ANALYZER_NUMBER_OBJECT_CONVERSION = YES_AGGRESSIVE;
				CLANG_CXX_LANGUAGE_STANDARD = "gnu++20";
				CLANG_ENABLE_MODULES = YES;
				CLANG_ENABLE_OBJC_ARC = YES;
				CLANG_ENABLE_OBJC_WEAK = YES;
				CLANG_WARN_BLOCK_CAPTURE_AUTORELEASING = YES;
				CLANG_WARN_BOOL_CONVERSION = YES;
				CLANG_WARN_COMMA = YES;
				CLANG_WARN_CONSTANT_CONVERSION = YES;
				CLANG_WARN_DEPRECATED_OBJC_IMPLEMENTATIONS = YES;
				CLANG_WARN_DIRECT_OBJC_ISA_USAGE = YES_ERROR;
				CLANG_WARN_DOCUMENTATION_COMMENTS = YES;
				CLANG_WARN_EMPTY_BODY = YES;
				CLANG_WARN_ENUM_CONVERSION = YES;
				CLANG_WARN_INFINITE_RECURSION = YES;
				CLANG_WARN_INT_CONVERSION = YES;
				CLANG_WARN_NON_LITERAL_NULL_CONVERSION = YES;
				CLANG_WARN_OBJC_IMPLICIT_RETAIN_SELF = YES;
				CLANG_WARN_OBJC_LITERAL_CONVERSION = YES;
				CLANG_WARN_OBJC_ROOT_CLASS = YES_ERROR;
				CLANG_WARN_QUOTED_INCLUDE_IN_FRAMEWORK_HEADER = YES;
				CLANG_WARN_RANGE_LOOP_ANALYSIS = YES;
				CLANG_WARN_STRICT_PROTOTYPES = YES;
				CLANG_WARN_SUSPICIOUS_MOVE = YES;
				CLANG_WARN_UNGUARDED_AVAILABILITY = YES_AGGRESSIVE;
				CLANG_WARN_UNREACHABLE_CODE = YES;
				CLANG_WARN__DUPLICATE_METHOD_MATCH = YES;
				COPY_PHASE_STRIP = NO;
				DEBUG_INFORMATION_FORMAT = dwarf;
				ENABLE_STRICT_OBJC_MSGSEND = YES;
				ENABLE_TESTABILITY = YES;
				GCC_C_LANGUAGE_STANDARD = gnu11;
				GCC_DYNAMIC_NO_PIC = NO;
				GCC_NO_COMMON_BLOCKS = YES;
				GCC_OPTIMIZATION_LEVEL = 0;
				GCC_PREPROCESSOR_DEFINITIONS = (
					"DEBUG=1",
					"$(inherited)",
				);
				GCC_WARN_64_TO_32_BIT_CONVERSION = YES;
				GCC_WARN_ABOUT_RETURN_TYPE = YES_ERROR;
				GCC_WARN_UNDECLARED_SELECTOR = YES;
				GCC_WARN_UNINITIALIZED_AUTOS = YES_AGGRESSIVE;
				GCC_WARN_UNUSED_FUNCTION = YES;
				GCC_WARN_UNUSED_VARIABLE = YES;
				MTL_ENABLE_DEBUG_INFO = INCLUDE_SOURCE;
				MTL_FAST_MATH = YES;
				ONLY_ACTIVE_ARCH = YES;
				SWIFT_ACTIVE_COMPILATION_CONDITIONS = DEBUG;
				SWIFT_OPTIMIZATION_LEVEL = "-Onone";
			};
			name = Debug;
		};
		5C3C51472A5C528100A0E9DA /* Release */ = {
			isa = XCBuildConfiguration;
			buildSettings = {
				ALWAYS_SEARCH_USER_PATHS = NO;
				CLANG_ANALYZER_NONNULL = YES;
				CLANG_ANALYZER_NUMBER_OBJECT_CONVERSION = YES_AGGRESSIVE;
				CLANG_CXX_LANGUAGE_STANDARD = "gnu++20";
				CLANG_ENABLE_MODULES = YES;
				CLANG_ENABLE_OBJC_ARC = YES;
				CLANG_ENABLE_OBJC_WEAK = YES;
				CLANG_WARN_BLOCK_CAPTURE_AUTORELEASING = YES;
				CLANG_WARN_BOOL_CONVERSION = YES;
				CLANG_WARN_COMMA = YES;
				CLANG_WARN_CONSTANT_CONVERSION = YES;
				CLANG_WARN_DEPRECATED_OBJC_IMPLEMENTATIONS = YES;
				CLANG_WARN_DIRECT_OBJC_ISA_USAGE = YES_ERROR;
				CLANG_WARN_DOCUMENTATION_COMMENTS = YES;
				CLANG_WARN_EMPTY_BODY = YES;
				CLANG_WARN_ENUM_CONVERSION = YES;
				CLANG_WARN_INFINITE_RECURSION = YES;
				CLANG_WARN_INT_CONVERSION = YES;
				CLANG_WARN_NON_LITERAL_NULL_CONVERSION = YES;
				CLANG_WARN_OBJC_IMPLICIT_RETAIN_SELF = YES;
				CLANG_WARN_OBJC_LITERAL_CONVERSION = YES;
				CLANG_WARN_OBJC_ROOT_CLASS = YES_ERROR;
				CLANG_WARN_QUOTED_INCLUDE_IN_FRAMEWORK_HEADER = YES;
				CLANG_WARN_RANGE_LOOP_ANALYSIS = YES;
				CLANG_WARN_STRICT_PROTOTYPES = YES;
				CLANG_WARN_SUSPICIOUS_MOVE = YES;
				CLANG_WARN_UNGUARDED_AVAILABILITY = YES_AGGRESSIVE;
				CLANG_WARN_UNREACHABLE_CODE = YES;
				CLANG_WARN__DUPLICATE_METHOD_MATCH = YES;
				COPY_PHASE_STRIP = NO;
				DEBUG_INFORMATION_FORMAT = "dwarf-with-dsym";
				ENABLE_NS_ASSERTIONS = NO;
				ENABLE_STRICT_OBJC_MSGSEND = YES;
				GCC_C_LANGUAGE_STANDARD = gnu11;
				GCC_NO_COMMON_BLOCKS = YES;
				GCC_WARN_64_TO_32_BIT_CONVERSION = YES;
				GCC_WARN_ABOUT_RETURN_TYPE = YES_ERROR;
				GCC_WARN_UNDECLARED_SELECTOR = YES;
				GCC_WARN_UNINITIALIZED_AUTOS = YES_AGGRESSIVE;
				GCC_WARN_UNUSED_FUNCTION = YES;
				GCC_WARN_UNUSED_VARIABLE = YES;
				MTL_ENABLE_DEBUG_INFO = NO;
				MTL_FAST_MATH = YES;
				SWIFT_COMPILATION_MODE = wholemodule;
				SWIFT_OPTIMIZATION_LEVEL = "-O";
			};
			name = Release;
		};
		5C3C51492A5C528100A0E9DA /* Debug */ = {
			isa = XCBuildConfiguration;
			buildSettings = {
				ASSETCATALOG_COMPILER_APPICON_NAME = AppIcon;
				ASSETCATALOG_COMPILER_GLOBAL_ACCENT_COLOR_NAME = AccentColor;
				CODE_SIGN_ENTITLEMENTS = RickAndMorty/RickAndMorty.entitlements;
				CODE_SIGN_STYLE = Automatic;
				CURRENT_PROJECT_VERSION = 1;
				DEVELOPMENT_ASSET_PATHS = "\"RickAndMorty/Preview Content\"";
				ENABLE_PREVIEWS = YES;
				GENERATE_INFOPLIST_FILE = YES;
				"INFOPLIST_KEY_UIApplicationSceneManifest_Generation[sdk=iphoneos*]" = YES;
				"INFOPLIST_KEY_UIApplicationSceneManifest_Generation[sdk=iphonesimulator*]" = YES;
				"INFOPLIST_KEY_UIApplicationSupportsIndirectInputEvents[sdk=iphoneos*]" = YES;
				"INFOPLIST_KEY_UIApplicationSupportsIndirectInputEvents[sdk=iphonesimulator*]" = YES;
				"INFOPLIST_KEY_UILaunchScreen_Generation[sdk=iphoneos*]" = YES;
				"INFOPLIST_KEY_UILaunchScreen_Generation[sdk=iphonesimulator*]" = YES;
				"INFOPLIST_KEY_UIStatusBarStyle[sdk=iphoneos*]" = UIStatusBarStyleDefault;
				"INFOPLIST_KEY_UIStatusBarStyle[sdk=iphonesimulator*]" = UIStatusBarStyleDefault;
				INFOPLIST_KEY_UISupportedInterfaceOrientations_iPad = "UIInterfaceOrientationPortrait UIInterfaceOrientationPortraitUpsideDown UIInterfaceOrientationLandscapeLeft UIInterfaceOrientationLandscapeRight";
				INFOPLIST_KEY_UISupportedInterfaceOrientations_iPhone = "UIInterfaceOrientationPortrait UIInterfaceOrientationLandscapeLeft UIInterfaceOrientationLandscapeRight";
				IPHONEOS_DEPLOYMENT_TARGET = 16.4;
				LD_RUNPATH_SEARCH_PATHS = "@executable_path/Frameworks";
				"LD_RUNPATH_SEARCH_PATHS[sdk=macosx*]" = "@executable_path/../Frameworks";
				MACOSX_DEPLOYMENT_TARGET = 13.3;
				MARKETING_VERSION = 1.0;
				PRODUCT_BUNDLE_IDENTIFIER = com.tanasi.rickandmorty;
				PRODUCT_NAME = "$(TARGET_NAME)";
				SDKROOT = auto;
				SUPPORTED_PLATFORMS = "iphoneos iphonesimulator macosx";
				SWIFT_EMIT_LOC_STRINGS = YES;
				SWIFT_VERSION = 5.0;
				TARGETED_DEVICE_FAMILY = "1,2";
			};
			name = Debug;
		};
		5C3C514A2A5C528100A0E9DA /* Release */ = {
			isa = XCBuildConfiguration;
			buildSettings = {
				ASSETCATALOG_COMPILER_APPICON_NAME = AppIcon;
				ASSETCATALOG_COMPILER_GLOBAL_ACCENT_COLOR_NAME = AccentColor;
				CODE_SIGN_ENTITLEMENTS = RickAndMorty/RickAndMorty.entitlements;
				CODE_SIGN_STYLE = Automatic;
				CURRENT_PROJECT_VERSION = 1;
				DEVELOPMENT_ASSET_PATHS = "\"RickAndMorty/Preview Content\"";
				ENABLE_PREVIEWS = YES;
				GENERATE_INFOPLIST_FILE = YES;
				"INFOPLIST_KEY_UIApplicationSceneManifest_Generation[sdk=iphoneos*]" = YES;
				"INFOPLIST_KEY_UIApplicationSceneManifest_Generation[sdk=iphonesimulator*]" = YES;
				"INFOPLIST_KEY_UIApplicationSupportsIndirectInputEvents[sdk=iphoneos*]" = YES;
				"INFOPLIST_KEY_UIApplicationSupportsIndirectInputEvents[sdk=iphonesimulator*]" = YES;
				"INFOPLIST_KEY_UILaunchScreen_Generation[sdk=iphoneos*]" = YES;
				"INFOPLIST_KEY_UILaunchScreen_Generation[sdk=iphonesimulator*]" = YES;
				"INFOPLIST_KEY_UIStatusBarStyle[sdk=iphoneos*]" = UIStatusBarStyleDefault;
				"INFOPLIST_KEY_UIStatusBarStyle[sdk=iphonesimulator*]" = UIStatusBarStyleDefault;
				INFOPLIST_KEY_UISupportedInterfaceOrientations_iPad = "UIInterfaceOrientationPortrait UIInterfaceOrientationPortraitUpsideDown UIInterfaceOrientationLandscapeLeft UIInterfaceOrientationLandscapeRight";
				INFOPLIST_KEY_UISupportedInterfaceOrientations_iPhone = "UIInterfaceOrientationPortrait UIInterfaceOrientationLandscapeLeft UIInterfaceOrientationLandscapeRight";
				IPHONEOS_DEPLOYMENT_TARGET = 16.4;
				LD_RUNPATH_SEARCH_PATHS = "@executable_path/Frameworks";
				"LD_RUNPATH_SEARCH_PATHS[sdk=macosx*]" = "@executable_path/../Frameworks";
				MACOSX_DEPLOYMENT_TARGET = 13.3;
				MARKETING_VERSION = 1.0;
				PRODUCT_BUNDLE_IDENTIFIER = com.tanasi.rickandmorty;
				PRODUCT_NAME = "$(TARGET_NAME)";
				SDKROOT = auto;
				SUPPORTED_PLATFORMS = "iphoneos iphonesimulator macosx";
				SWIFT_EMIT_LOC_STRINGS = YES;
				SWIFT_VERSION = 5.0;
				TARGETED_DEVICE_FAMILY = "1,2";
			};
			name = Release;
		};
/* End XCBuildConfiguration section */

/* Begin XCConfigurationList section */
		5C3C51342A5C527F00A0E9DA /* Build configuration list for PBXProject "RickAndMorty" */ = {
			isa = XCConfigurationList;
			buildConfigurations = (
				5C3C51462A5C528100A0E9DA /* Debug */,
				5C3C51472A5C528100A0E9DA /* Release */,
			);
			defaultConfigurationIsVisible = 0;
			defaultConfigurationName = Release;
		};
		5C3C51482A5C528100A0E9DA /* Build configuration list for PBXNativeTarget "RickAndMorty" */ = {
			isa = XCConfigurationList;
			buildConfigurations = (
				5C3C51492A5C528100A0E9DA /* Debug */,
				5C3C514A2A5C528100A0E9DA /* Release */,
			);
			defaultConfigurationIsVisible = 0;
			defaultConfigurationName = Release;
		};
/* End XCConfigurationList section */
	};
	rootObject = 5C3C51312A5C527F00A0E9DA /* Project object */;
}
